
Microsoft Visual Studio Solution File, Format Version 12.00
# Visual Studio Version 17
VisualStudioVersion = 17.8.34511.84
MinimumVisualStudioVersion = 10.0.40219.1
Project("{FAE04EC0-301F-11D3-BF4B-00C04F79EFBC}") = "TasteFoodIt", "TasteFoodIt\TasteFoodIt.csproj", "{E8E5763E-76D1-463F-89B3-2E948833739D}"
EndProject
Global
	GlobalSection(SolutionConfigurationPlatforms) = preSolution
		Debug|Any CPU = Debug|Any CPU
		Release|Any CPU = Release|Any CPU
	EndGlobalSection
	GlobalSection(ProjectConfigurationPlatforms) = postSolution
		{E8E5763E-76D1-463F-89B3-2E948833739D}.Debug|Any CPU.ActiveCfg = Debug|Any CPU
		{E8E5763E-76D1-463F-89B3-2E948833739D}.Debug|Any CPU.Build.0 = Debug|Any CPU
		{E8E5763E-76D1-463F-89B3-2E948833739D}.Release|Any CPU.ActiveCfg = Release|Any CPU
		{E8E5763E-76D1-463F-89B3-2E948833739D}.Release|Any CPU.Build.0 = Release|Any CPU
	EndGlobalSection
	GlobalSection(SolutionProperties) = preSolution
		HideSolutionNode = FALSE
	EndGlobalSection
	GlobalSection(ExtensibilityGlobals) = postSolution
		SolutionGuid = {9A7EBAA7-F1CF-47A1-BFBF-7F560583EC12}
	EndGlobalSection
EndGlobal
